
Microsoft Visual Studio Solution File, Format Version 12.00
# Visual Studio Version 17
VisualStudioVersion = 17.5.33530.505
MinimumVisualStudioVersion = 10.0.40219.1
Project("{FAE04EC0-301F-11D3-BF4B-00C04F79EFBC}") = "WebApiDemo", "WebApiDemo\WebApiDemo.csproj", "{0990EAFC-D565-4BBC-958F-4AD7854BA38F}"
EndProject
Project("{FAE04EC0-301F-11D3-BF4B-00C04F79EFBC}") = "StudentDataAcess", "StudentDataAcess\StudentDataAcess.csproj", "{999F5FE0-AB4C-4069-A166-D95A2760D30C}"
EndProject
Global
	GlobalSection(SolutionConfigurationPlatforms) = preSolution
		Debug|Any CPU = Debug|Any CPU
		Release|Any CPU = Release|Any CPU
	EndGlobalSection
	GlobalSection(ProjectConfigurationPlatforms) = postSolution
		{0990EAFC-D565-4BBC-958F-4AD7854BA38F}.Debug|Any CPU.ActiveCfg = Debug|Any CPU
		{0990EAFC-D565-4BBC-958F-4AD7854BA38F}.Debug|Any CPU.Build.0 = Debug|Any CPU
		{0990EAFC-D565-4BBC-958F-4AD7854BA38F}.Release|Any CPU.ActiveCfg = Release|Any CPU
		{0990EAFC-D565-4BBC-958F-4AD7854BA38F}.Release|Any CPU.Build.0 = Release|Any CPU
		{999F5FE0-AB4C-4069-A166-D95A2760D30C}.Debug|Any CPU.ActiveCfg = Debug|Any CPU
		{999F5FE0-AB4C-4069-A166-D95A2760D30C}.Debug|Any CPU.Build.0 = Debug|Any CPU
		{999F5FE0-AB4C-4069-A166-D95A2760D30C}.Release|Any CPU.ActiveCfg = Release|Any CPU
		{999F5FE0-AB4C-4069-A166-D95A2760D30C}.Release|Any CPU.Build.0 = Release|Any CPU
	EndGlobalSection
	GlobalSection(SolutionProperties) = preSolution
		HideSolutionNode = FALSE
	EndGlobalSection
	GlobalSection(ExtensibilityGlobals) = postSolution
		SolutionGuid = {11D18EF7-54EA-4CFF-B4EB-BDAB7167DCA8}
	EndGlobalSection
EndGlobal
